
Microsoft Visual Studio Solution File, Format Version 12.00
# Visual Studio Version 17
VisualStudioVersion = 17.12.35527.113
MinimumVisualStudioVersion = 10.0.40219.1
Project("{FAE04EC0-301F-11D3-BF4B-00C04F79EFBC}") = "Demo", "Demo\Demo.csproj", "{6949ABA2-6D14-49EA-BD11-0111E6ADBD20}"
EndProject
Project("{FAE04EC0-301F-11D3-BF4B-00C04F79EFBC}") = "Assignment", "Assignment\Assignment.csproj", "{3B4A6B15-6766-41EE-B908-268D62CD0F65}"
EndProject
Global
	GlobalSection(SolutionConfigurationPlatforms) = preSolution
		Debug|Any CPU = Debug|Any CPU
		Release|Any CPU = Release|Any CPU
	EndGlobalSection
	GlobalSection(ProjectConfigurationPlatforms) = postSolution
		{6949ABA2-6D14-49EA-BD11-0111E6ADBD20}.Debug|Any CPU.ActiveCfg = Debug|Any CPU
		{6949ABA2-6D14-49EA-BD11-0111E6ADBD20}.Debug|Any CPU.Build.0 = Debug|Any CPU
		{6949ABA2-6D14-49EA-BD11-0111E6ADBD20}.Release|Any CPU.ActiveCfg = Release|Any CPU
		{6949ABA2-6D14-49EA-BD11-0111E6ADBD20}.Release|Any CPU.Build.0 = Release|Any CPU
		{3B4A6B15-6766-41EE-B908-268D62CD0F65}.Debug|Any CPU.ActiveCfg = Debug|Any CPU
		{3B4A6B15-6766-41EE-B908-268D62CD0F65}.Debug|Any CPU.Build.0 = Debug|Any CPU
		{3B4A6B15-6766-41EE-B908-268D62CD0F65}.Release|Any CPU.ActiveCfg = Release|Any CPU
		{3B4A6B15-6766-41EE-B908-268D62CD0F65}.Release|Any CPU.Build.0 = Release|Any CPU
	EndGlobalSection
	GlobalSection(SolutionProperties) = preSolution
		HideSolutionNode = FALSE
	EndGlobalSection
EndGlobal
